#MicroXplorer Configuration settings - do not modify
CAD.formats=
CAD.pinconfig=
CAD.provider=
Dma.I2C1_RX.1.Direction=DMA_PERIPH_TO_MEMORY
Dma.I2C1_RX.1.Instance=DMA1_Channel3
Dma.I2C1_RX.1.MemDataAlignment=DMA_MDATAALIGN_BYTE
Dma.I2C1_RX.1.MemInc=DMA_MINC_ENABLE
Dma.I2C1_RX.1.Mode=DMA_NORMAL
Dma.I2C1_RX.1.PeriphDataAlignment=DMA_PDATAALIGN_BYTE
Dma.I2C1_RX.1.PeriphInc=DMA_PINC_DISABLE
Dma.I2C1_RX.1.Priority=DMA_PRIORITY_LOW
Dma.I2C1_RX.1.RequestParameters=Instance,Direction,PeriphInc,MemInc,PeriphDataAlignment,MemDataAlignment,Mode,Priority
Dma.I2C1_TX.2.Direction=DMA_MEMORY_TO_PERIPH
Dma.I2C1_TX.2.Instance=DMA1_Channel2
Dma.I2C1_TX.2.MemDataAlignment=DMA_MDATAALIGN_BYTE
Dma.I2C1_TX.2.MemInc=DMA_MINC_ENABLE
Dma.I2C1_TX.2.Mode=DMA_NORMAL
Dma.I2C1_TX.2.PeriphDataAlignment=DMA_PDATAALIGN_BYTE
Dma.I2C1_TX.2.PeriphInc=DMA_PINC_DISABLE
Dma.I2C1_TX.2.Priority=DMA_PRIORITY_LOW
Dma.I2C1_TX.2.RequestParameters=Instance,Direction,PeriphInc,MemInc,PeriphDataAlignment,MemDataAlignment,Mode,Priority
Dma.Request0=SPI2_RX
Dma.Request1=I2C1_RX
Dma.Request2=I2C1_TX
Dma.RequestsNb=3
Dma.SPI2_RX.0.Direction=DMA_PERIPH_TO_MEMORY
Dma.SPI2_RX.0.Instance=DMA1_Channel4
Dma.SPI2_RX.0.MemDataAlignment=DMA_MDATAALIGN_HALFWORD
Dma.SPI2_RX.0.MemInc=DMA_MINC_ENABLE
Dma.SPI2_RX.0.Mode=DMA_CIRCULAR
Dma.SPI2_RX.0.PeriphDataAlignment=DMA_PDATAALIGN_HALFWORD
Dma.SPI2_RX.0.PeriphInc=DMA_PINC_DISABLE
Dma.SPI2_RX.0.Priority=DMA_PRIORITY_LOW
Dma.SPI2_RX.0.RequestParameters=Instance,Direction,PeriphInc,MemInc,PeriphDataAlignment,MemDataAlignment,Mode,Priority
File.Version=6
GPIO.groupedBy=Group By Peripherals
I2C1.IPParameters=Timing
I2C1.Timing=0x00303D5B
I2S2.AudioFreq=I2S_AUDIOFREQ_8K
I2S2.CPOL=I2S_CPOL_HIGH
I2S2.DataFormat=I2S_DATAFORMAT_32B
I2S2.ErrorAudioFreq=0.8 %
I2S2.IPParameters=Instance,VirtualMode,RealAudioFreq,ErrorAudioFreq,Mode,AudioFreq,DataFormat,Standard,CPOL
I2S2.Instance=SPI$Index
I2S2.Mode=I2S_MODE_MASTER_RX
I2S2.RealAudioFreq=8.064 KHz
I2S2.Standard=I2S_STANDARD_MSB
I2S2.VirtualMode=I2S_MODE_MASTER
KeepUserPlacement=false
Mcu.CPN=STM32L072RZT6
Mcu.Family=STM32L0
Mcu.IP0=DMA
Mcu.IP1=I2C1
Mcu.IP2=I2S2
Mcu.IP3=NVIC
Mcu.IP4=RCC
Mcu.IP5=RTC
Mcu.IP6=SYS
Mcu.IP7=USART1
Mcu.IP8=USART4
Mcu.IPNb=9
Mcu.Name=STM32L072R(B-Z)Tx
Mcu.Package=LQFP64
Mcu.Pin0=PC14-OSC32_IN
Mcu.Pin1=PC15-OSC32_OUT
Mcu.Pin10=PA11
Mcu.Pin11=PA13
Mcu.Pin12=PA14
Mcu.Pin13=PA15
Mcu.Pin14=PC10
Mcu.Pin15=PB6
Mcu.Pin16=PB7
Mcu.Pin17=PB8
Mcu.Pin18=VP_RTC_VS_RTC_Activate
Mcu.Pin19=VP_SYS_VS_Systick
Mcu.Pin2=PA1
Mcu.Pin3=PB10
Mcu.Pin4=PB12
Mcu.Pin5=PB13
Mcu.Pin6=PB15
Mcu.Pin7=PC8
Mcu.Pin8=PA9
Mcu.Pin9=PA10
Mcu.PinsNb=20
Mcu.ThirdPartyNb=0
Mcu.UserConstants=
Mcu.UserName=STM32L072RZTx
MxCube.Version=6.11.1
MxDb.Version=DB.6.0.111
NVIC.DMA1_Channel2_3_IRQn=true\:0\:0\:false\:false\:true\:false\:true\:true
NVIC.DMA1_Channel4_5_6_7_IRQn=true\:0\:0\:false\:false\:true\:false\:true\:true
NVIC.ForceEnableDMAVector=true
NVIC.HardFault_IRQn=true\:0\:0\:false\:false\:true\:false\:false\:false
NVIC.I2C1_IRQn=true\:0\:0\:false\:false\:true\:true\:true\:true
NVIC.NonMaskableInt_IRQn=true\:0\:0\:false\:false\:true\:false\:false\:false
NVIC.PendSV_IRQn=true\:0\:0\:false\:false\:true\:false\:false\:false
NVIC.SVC_IRQn=true\:0\:0\:false\:false\:true\:false\:false\:true
NVIC.SysTick_IRQn=true\:3\:0\:false\:false\:true\:false\:true\:false
PA1.Locked=true
PA1.Mode=Asynchronous
PA1.Signal=USART4_RX
PA10.Locked=true
PA10.Mode=Asynchronous
PA10.Signal=USART1_RX
PA11.Locked=true
PA11.Signal=USB_DM
PA13.Mode=Serial_Wire
PA13.Signal=SYS_SWDIO
PA14.Locked=true
PA14.Mode=Serial_Wire
PA14.Signal=SYS_SWCLK
PA15.GPIOParameters=PinState,GPIO_Label
PA15.GPIO_Label=Wireless_EN
PA15.Locked=true
PA15.PinState=GPIO_PIN_SET
PA15.Signal=GPIO_Output
PA9.Locked=true
PA9.Mode=Asynchronous
PA9.Signal=USART1_TX
PB10.GPIOParameters=GPIO_Speed,GPIO_Label
PB10.GPIO_Label=MIC_Trigger
PB10.GPIO_Speed=GPIO_SPEED_FREQ_VERY_HIGH
PB10.Locked=true
PB10.Signal=GPIO_Output
PB12.Locked=true
PB12.Mode=Half_Duplex_Master
PB12.Signal=I2S2_WS
PB13.Locked=true
PB13.Mode=Half_Duplex_Master
PB13.Signal=I2S2_CK
PB15.Locked=true
PB15.Mode=Half_Duplex_Master
PB15.Signal=I2S2_SD
PB6.Locked=true
PB6.Mode=I2C
PB6.Signal=I2C1_SCL
PB7.Locked=true
PB7.Mode=I2C
PB7.Signal=I2C1_SDA
PB8.GPIOParameters=GPIO_Label
PB8.GPIO_Label=Wireless_PG
PB8.Locked=true
PB8.Signal=GPIO_Input
PC10.Locked=true
PC10.Mode=Asynchronous
PC10.Signal=USART4_TX
PC14-OSC32_IN.Mode=LSE-External-Oscillator
PC14-OSC32_IN.Signal=RCC_OSC32_IN
PC15-OSC32_OUT.Mode=LSE-External-Oscillator
PC15-OSC32_OUT.Signal=RCC_OSC32_OUT
PC8.GPIOParameters=GPIO_Label
PC8.GPIO_Label=STATUS_LED
PC8.Locked=true
PC8.Signal=GPIO_Output
PinOutPanel.RotationAngle=0
ProjectManager.AskForMigrate=true
ProjectManager.BackupPrevious=false
ProjectManager.CompilerOptimize=6
ProjectManager.ComputerToolchain=false
ProjectManager.CoupleFile=true
ProjectManager.CustomerFirmwarePackage=
ProjectManager.DefaultFWLocation=true
ProjectManager.DeletePrevious=true
ProjectManager.DeviceId=STM32L072RZTx
ProjectManager.FirmwarePackage=STM32Cube FW_L0 V1.12.2
ProjectManager.FreePins=true
ProjectManager.HalAssertFull=false
ProjectManager.HeapSize=0x100
ProjectManager.KeepUserCode=true
ProjectManager.LastFirmware=true
ProjectManager.LibraryCopy=2
ProjectManager.MainLocation=Core/Src
ProjectManager.NoMain=false
ProjectManager.PreviousToolchain=STM32CubeIDE
ProjectManager.ProjectBuild=false
ProjectManager.ProjectFileName=MJSGadget.ioc
ProjectManager.ProjectName=MJSGadget
ProjectManager.ProjectStructure=
ProjectManager.RegisterCallBack=
ProjectManager.StackSize=0x400
ProjectManager.TargetToolchain=STM32CubeIDE
ProjectManager.ToolChainLocation=
ProjectManager.UAScriptAfterPath=
ProjectManager.UAScriptBeforePath=
ProjectManager.UnderRoot=true
ProjectManager.functionlistsort=1-SystemClock_Config-RCC-false-HAL-false,2-MX_GPIO_Init-GPIO-false-HAL-true,3-MX_DMA_Init-DMA-false-HAL-true,4-MX_I2C1_Init-I2C1-false-HAL-true,5-MX_I2S2_Init-I2S2-false-HAL-true,6-MX_USART4_UART_Init-USART4-false-HAL-true,7-MX_USART1_UART_Init-USART1-false-HAL-true
RCC.48CLKFreq_Value=24000000
RCC.48RNGFreq_Value=48000000
RCC.48USBFreq_Value=48000000
RCC.ADCFreq_Value=16000000
RCC.AHBFreq_Value=16000000
RCC.APB1Freq_Value=16000000
RCC.APB1TimFreq_Value=16000000
RCC.APB2Freq_Value=16000000
RCC.APB2TimFreq_Value=16000000
RCC.FCLKCortexFreq_Value=16000000
RCC.FamilyName=M
RCC.HCLKFreq_Value=16000000
RCC.HSE_VALUE=8000000
RCC.HSI16_VALUE=16000000
RCC.HSI48MClockSelection=RCC_USBCLKSOURCE_HSI48
RCC.HSI48_VALUE=48000000
RCC.HSI_VALUE=16000000
RCC.I2C1Freq_Value=16000000
RCC.I2C3Freq_Value=16000000
RCC.IPParameters=48CLKFreq_Value,48RNGFreq_Value,48USBFreq_Value,ADCFreq_Value,AHBFreq_Value,APB1Freq_Value,APB1TimFreq_Value,APB2Freq_Value,APB2TimFreq_Value,FCLKCortexFreq_Value,FamilyName,HCLKFreq_Value,HSE_VALUE,HSI16_VALUE,HSI48MClockSelection,HSI48_VALUE,HSI_VALUE,I2C1Freq_Value,I2C3Freq_Value,LPTIMFreq_Value,LPUARTFreq_Value,LSI_VALUE,MCOPinFreq_Value,MSI_VALUE,PLLCLKFreq_Value,RTCClockSelection,RTCFreq_Value,RTCHSEDivFreq_Value,SYSCLKFreq_VALUE,SYSCLKSource,TIMFreq_Value,TimerFreq_Value,USART1Freq_Value,USART2Freq_Value,VCOInputFreq_Value,VCOOutputFreq_Value,WatchDogFreq_Value
RCC.LPTIMFreq_Value=16000000
RCC.LPUARTFreq_Value=16000000
RCC.LSI_VALUE=37000
RCC.MCOPinFreq_Value=16000000
RCC.MSI_VALUE=2097000
RCC.PLLCLKFreq_Value=24000000
RCC.RTCClockSelection=RCC_RTCCLKSOURCE_LSE
RCC.RTCFreq_Value=32768
RCC.RTCHSEDivFreq_Value=4000000
RCC.SYSCLKFreq_VALUE=16000000
RCC.SYSCLKSource=RCC_SYSCLKSOURCE_HSI
RCC.TIMFreq_Value=16000000
RCC.TimerFreq_Value=16000000
RCC.USART1Freq_Value=16000000
RCC.USART2Freq_Value=16000000
RCC.VCOInputFreq_Value=16000000
RCC.VCOOutputFreq_Value=48000000
RCC.WatchDogFreq_Value=37000
USART1.IPParameters=VirtualMode-Asynchronous
USART1.VirtualMode-Asynchronous=VM_ASYNC
USART4.IPParameters=VirtualMode-Asynchronous
USART4.VirtualMode-Asynchronous=VM_ASYNC
VP_RTC_VS_RTC_Activate.Mode=RTC_Enabled
VP_RTC_VS_RTC_Activate.Signal=RTC_VS_RTC_Activate
VP_SYS_VS_Systick.Mode=SysTick
VP_SYS_VS_Systick.Signal=SYS_VS_Systick
board=custom
isbadioc=false
