#MicroXplorer Configuration settings - do not modify
ADC.DiscontinuousConvMode=ENABLE
ADC.IPParameters=DiscontinuousConvMode
CAD.formats=
CAD.pinconfig=
CAD.provider=
Dma.I2C1_RX.1.Direction=DMA_PERIPH_TO_MEMORY
Dma.I2C1_RX.1.Instance=DMA1_Channel3
Dma.I2C1_RX.1.MemDataAlignment=DMA_MDATAALIGN_BYTE
Dma.I2C1_RX.1.MemInc=DMA_MINC_ENABLE
Dma.I2C1_RX.1.Mode=DMA_NORMAL
Dma.I2C1_RX.1.PeriphDataAlignment=DMA_PDATAALIGN_BYTE
Dma.I2C1_RX.1.PeriphInc=DMA_PINC_DISABLE
Dma.I2C1_RX.1.Priority=DMA_PRIORITY_LOW
Dma.I2C1_RX.1.RequestParameters=Instance,Direction,PeriphInc,MemInc,PeriphDataAlignment,MemDataAlignment,Mode,Priority
Dma.I2C1_TX.2.Direction=DMA_MEMORY_TO_PERIPH
Dma.I2C1_TX.2.Instance=DMA1_Channel2
Dma.I2C1_TX.2.MemDataAlignment=DMA_MDATAALIGN_BYTE
Dma.I2C1_TX.2.MemInc=DMA_MINC_ENABLE
Dma.I2C1_TX.2.Mode=DMA_NORMAL
Dma.I2C1_TX.2.PeriphDataAlignment=DMA_PDATAALIGN_BYTE
Dma.I2C1_TX.2.PeriphInc=DMA_PINC_DISABLE
Dma.I2C1_TX.2.Priority=DMA_PRIORITY_LOW
Dma.I2C1_TX.2.RequestParameters=Instance,Direction,PeriphInc,MemInc,PeriphDataAlignment,MemDataAlignment,Mode,Priority
Dma.Request0=SPI2_RX
Dma.Request1=I2C1_RX
Dma.Request2=I2C1_TX
Dma.Request3=USART4_RX
Dma.Request4=USART4_TX
Dma.RequestsNb=5
Dma.SPI2_RX.0.Direction=DMA_PERIPH_TO_MEMORY
Dma.SPI2_RX.0.Instance=DMA1_Channel4
Dma.SPI2_RX.0.MemDataAlignment=DMA_MDATAALIGN_HALFWORD
Dma.SPI2_RX.0.MemInc=DMA_MINC_ENABLE
Dma.SPI2_RX.0.Mode=DMA_CIRCULAR
Dma.SPI2_RX.0.PeriphDataAlignment=DMA_PDATAALIGN_HALFWORD
Dma.SPI2_RX.0.PeriphInc=DMA_PINC_DISABLE
Dma.SPI2_RX.0.Priority=DMA_PRIORITY_LOW
Dma.SPI2_RX.0.RequestParameters=Instance,Direction,PeriphInc,MemInc,PeriphDataAlignment,MemDataAlignment,Mode,Priority
Dma.USART4_RX.3.Direction=DMA_PERIPH_TO_MEMORY
Dma.USART4_RX.3.Instance=DMA1_Channel6
Dma.USART4_RX.3.MemDataAlignment=DMA_MDATAALIGN_BYTE
Dma.USART4_RX.3.MemInc=DMA_MINC_ENABLE
Dma.USART4_RX.3.Mode=DMA_CIRCULAR
Dma.USART4_RX.3.PeriphDataAlignment=DMA_PDATAALIGN_BYTE
Dma.USART4_RX.3.PeriphInc=DMA_PINC_DISABLE
Dma.USART4_RX.3.Priority=DMA_PRIORITY_LOW
Dma.USART4_RX.3.RequestParameters=Instance,Direction,PeriphInc,MemInc,PeriphDataAlignment,MemDataAlignment,Mode,Priority
Dma.USART4_TX.4.Direction=DMA_MEMORY_TO_PERIPH
Dma.USART4_TX.4.Instance=DMA1_Channel7
Dma.USART4_TX.4.MemDataAlignment=DMA_MDATAALIGN_BYTE
Dma.USART4_TX.4.MemInc=DMA_MINC_ENABLE
Dma.USART4_TX.4.Mode=DMA_NORMAL
Dma.USART4_TX.4.PeriphDataAlignment=DMA_PDATAALIGN_BYTE
Dma.USART4_TX.4.PeriphInc=DMA_PINC_DISABLE
Dma.USART4_TX.4.Priority=DMA_PRIORITY_LOW
Dma.USART4_TX.4.RequestParameters=Instance,Direction,PeriphInc,MemInc,PeriphDataAlignment,MemDataAlignment,Mode,Priority
File.Version=6
GPIO.groupedBy=Show All
I2C1.IPParameters=Timing
I2C1.Timing=0x00503D58
I2C2.IPParameters=Timing
I2C2.Timing=0x00503D58
I2S2.AudioFreq=I2S_AUDIOFREQ_16K
I2S2.CPOL=I2S_CPOL_LOW
I2S2.DataFormat=I2S_DATAFORMAT_24B
I2S2.ErrorAudioFreq=-2.34 %
I2S2.IPParameters=Instance,VirtualMode,RealAudioFreq,ErrorAudioFreq,Mode,AudioFreq,DataFormat,Standard,CPOL
I2S2.Instance=SPI$Index
I2S2.Mode=I2S_MODE_MASTER_RX
I2S2.RealAudioFreq=15.625 KHz
I2S2.Standard=I2S_STANDARD_PHILIPS
I2S2.VirtualMode=I2S_MODE_MASTER
KeepUserPlacement=false
LPUART1.BaudRate=115200
LPUART1.IPParameters=BaudRate,WordLength,SwapParam,OverrunDisableParam
LPUART1.OverrunDisableParam=UART_ADVFEATURE_OVERRUN_DISABLE
LPUART1.SwapParam=UART_ADVFEATURE_SWAP_ENABLE
LPUART1.WordLength=UART_WORDLENGTH_8B
Mcu.CPN=STM32L072RZT6
Mcu.Family=STM32L0
Mcu.IP0=ADC
Mcu.IP1=DMA
Mcu.IP10=TIM2
Mcu.IP11=TIM3
Mcu.IP12=TIM6
Mcu.IP13=USART1
Mcu.IP14=USART4
Mcu.IP15=USB
Mcu.IP16=USB_DEVICE
Mcu.IP2=I2C1
Mcu.IP3=I2C2
Mcu.IP4=I2S2
Mcu.IP5=LPUART1
Mcu.IP6=NVIC
Mcu.IP7=RCC
Mcu.IP8=RTC
Mcu.IP9=SYS
Mcu.IPNb=17
Mcu.Name=STM32L072R(B-Z)Tx
Mcu.Package=LQFP64
Mcu.Pin0=PC14-OSC32_IN
Mcu.Pin1=PC15-OSC32_OUT
Mcu.Pin10=PA7
Mcu.Pin11=PC4
Mcu.Pin12=PC5
Mcu.Pin13=PB0
Mcu.Pin14=PB10
Mcu.Pin15=PB11
Mcu.Pin16=PB12
Mcu.Pin17=PB13
Mcu.Pin18=PB15
Mcu.Pin19=PC6
Mcu.Pin2=PH0-OSC_IN
Mcu.Pin20=PC7
Mcu.Pin21=PC8
Mcu.Pin22=PC9
Mcu.Pin23=PA8
Mcu.Pin24=PA9
Mcu.Pin25=PA10
Mcu.Pin26=PA11
Mcu.Pin27=PA12
Mcu.Pin28=PA13
Mcu.Pin29=PA14
Mcu.Pin3=PH1-OSC_OUT
Mcu.Pin30=PA15
Mcu.Pin31=PC10
Mcu.Pin32=PC11
Mcu.Pin33=PC12
Mcu.Pin34=PD2
Mcu.Pin35=PB6
Mcu.Pin36=PB7
Mcu.Pin37=PB8
Mcu.Pin38=PB9
Mcu.Pin39=VP_RTC_VS_RTC_Activate
Mcu.Pin4=PC0
Mcu.Pin40=VP_RTC_VS_RTC_Calendar
Mcu.Pin41=VP_RTC_VS_RTC_WakeUp_intern
Mcu.Pin42=VP_SYS_VS_Systick
Mcu.Pin43=VP_TIM6_VS_ClockSourceINT
Mcu.Pin44=VP_USB_DEVICE_VS_USB_DEVICE_CDC_FS
Mcu.Pin5=PC1
Mcu.Pin6=PA0
Mcu.Pin7=PA1
Mcu.Pin8=PA2
Mcu.Pin9=PA3
Mcu.PinsNb=45
Mcu.ThirdPartyNb=0
Mcu.UserConstants=
Mcu.UserName=STM32L072RZTx
MxCube.Version=6.12.1
MxDb.Version=DB.6.0.121
NVIC.DMA1_Channel2_3_IRQn=true\:0\:0\:false\:false\:true\:false\:true\:true
NVIC.DMA1_Channel4_5_6_7_IRQn=true\:3\:0\:true\:false\:true\:false\:true\:true
NVIC.EXTI4_15_IRQn=true\:0\:0\:false\:false\:true\:true\:true\:true
NVIC.ForceEnableDMAVector=true
NVIC.HardFault_IRQn=true\:0\:0\:false\:false\:true\:false\:false\:false
NVIC.I2C1_IRQn=true\:0\:0\:false\:false\:true\:true\:true\:true
NVIC.NonMaskableInt_IRQn=true\:0\:0\:false\:false\:true\:false\:false\:false
NVIC.PendSV_IRQn=true\:0\:0\:false\:false\:true\:false\:false\:false
NVIC.RTC_IRQn=true\:0\:0\:false\:false\:true\:true\:true\:true
NVIC.SVC_IRQn=true\:0\:0\:false\:false\:true\:false\:false\:true
NVIC.SysTick_IRQn=true\:3\:0\:false\:false\:true\:false\:true\:false
NVIC.USART1_IRQn=true\:0\:0\:false\:false\:true\:true\:true\:true
NVIC.USART4_5_IRQn=true\:0\:0\:false\:false\:true\:true\:true\:true
NVIC.USB_IRQn=true\:0\:0\:false\:false\:true\:false\:true\:true
PA0.GPIOParameters=GPIO_Label
PA0.GPIO_Label=MCU_LED_B_R
PA0.Locked=true
PA0.Signal=S_TIM2_CH1
PA1.Locked=true
PA1.Mode=Asynchronous
PA1.Signal=USART4_RX
PA10.Locked=true
PA10.Mode=Asynchronous
PA10.Signal=USART1_RX
PA11.Locked=true
PA11.Mode=Device
PA11.Signal=USB_DM
PA12.Locked=true
PA12.Mode=Device
PA12.Signal=USB_DP
PA13.Mode=Serial_Wire
PA13.Signal=SYS_SWDIO
PA14.Locked=true
PA14.Mode=Serial_Wire
PA14.Signal=SYS_SWCLK
PA15.GPIOParameters=GPIO_Label
PA15.GPIO_Label=BOOT0
PA15.Locked=true
PA15.Signal=GPXTI15
PA2.GPIOParameters=GPIO_Label
PA2.GPIO_Label=MCU_LED_B_G
PA2.Locked=true
PA2.Signal=S_TIM2_CH3
PA3.GPIOParameters=GPIO_Label
PA3.GPIO_Label=MCU_LED_B_B
PA3.Locked=true
PA3.Signal=S_TIM2_CH4
PA7.GPIOParameters=GPIO_Label
PA7.GPIO_Label=VusbDetect
PA7.Locked=true
PA7.Signal=GPIO_Input
PA8.GPIOParameters=GPIO_Label
PA8.GPIO_Label=Wireless_PSU_PG
PA8.Locked=true
PA8.Signal=GPIO_Input
PA9.Locked=true
PA9.Mode=Asynchronous
PA9.Signal=USART1_TX
PB0.GPIOParameters=PinState,GPIO_Label
PB0.GPIO_Label=MCU_LED_C_R
PB0.Locked=true
PB0.PinState=GPIO_PIN_SET
PB0.Signal=GPIO_Output
PB10.Locked=true
PB10.Mode=I2C
PB10.Signal=I2C2_SCL
PB11.Mode=I2C
PB11.Signal=I2C2_SDA
PB12.Locked=true
PB12.Mode=Half_Duplex_Master
PB12.Signal=I2S2_WS
PB13.Locked=true
PB13.Mode=Half_Duplex_Master
PB13.Signal=I2S2_CK
PB15.Locked=true
PB15.Mode=Half_Duplex_Master
PB15.Signal=I2S2_SD
PB6.Locked=true
PB6.Mode=I2C
PB6.Signal=I2C1_SCL
PB7.Locked=true
PB7.Mode=I2C
PB7.Signal=I2C1_SDA
PB8.GPIOParameters=PinState,GPIO_Label
PB8.GPIO_Label=MCU_LED_C_G
PB8.Locked=true
PB8.PinState=GPIO_PIN_SET
PB8.Signal=GPIO_Output
PB9.GPIOParameters=PinState,GPIO_Label
PB9.GPIO_Label=MCU_LED_C_B
PB9.Locked=true
PB9.PinState=GPIO_PIN_SET
PB9.Signal=GPIO_Output
PC0.Locked=true
PC0.Mode=Asynchronous
PC0.Signal=LPUART1_RX
PC1.Locked=true
PC1.Mode=Asynchronous
PC1.Signal=LPUART1_TX
PC10.Locked=true
PC10.Mode=Asynchronous
PC10.Signal=USART4_TX
PC11.GPIOParameters=PinState,GPIO_Label
PC11.GPIO_Label=Wireless_PSU_EN
PC11.Locked=true
PC11.PinState=GPIO_PIN_SET
PC11.Signal=GPIO_Output
PC12.GPIOParameters=GPIO_Label
PC12.GPIO_Label=Boost_Enable
PC12.Locked=true
PC12.Signal=GPIO_Output
PC14-OSC32_IN.Mode=LSE-External-Oscillator
PC14-OSC32_IN.Signal=RCC_OSC32_IN
PC15-OSC32_OUT.Mode=LSE-External-Oscillator
PC15-OSC32_OUT.Signal=RCC_OSC32_OUT
PC4.GPIOParameters=GPIO_Label
PC4.GPIO_Label=BatMeasure
PC4.Locked=true
PC4.Signal=SharedAnalog_PC4
PC5.GPIOParameters=GPIO_Label
PC5.GPIO_Label=SolarMeasure
PC5.Locked=true
PC5.Signal=SharedAnalog_PC5
PC6.GPIOParameters=GPIO_Label
PC6.GPIO_Label=MCU_LED_A_R
PC6.Locked=true
PC6.Signal=S_TIM3_CH1
PC7.GPIOParameters=GPIO_Label
PC7.GPIO_Label=MCU_LED_A_G
PC7.Locked=true
PC7.Signal=S_TIM3_CH2
PC8.GPIOParameters=GPIO_Label
PC8.GPIO_Label=MCU_LED_A_B
PC8.Locked=true
PC8.Signal=S_TIM3_CH3
PC9.GPIOParameters=GPIO_Label
PC9.GPIO_Label=Charger_status
PC9.Locked=true
PC9.Signal=GPIO_Input
PD2.GPIOParameters=GPIO_PuPd,GPIO_Label
PD2.GPIO_Label=User_Button
PD2.GPIO_PuPd=GPIO_PULLUP
PD2.Locked=true
PD2.Signal=GPIO_Input
PH0-OSC_IN.GPIOParameters=PinState,GPIO_Label
PH0-OSC_IN.GPIO_Label=ESP32_EN
PH0-OSC_IN.Locked=true
PH0-OSC_IN.PinState=GPIO_PIN_SET
PH0-OSC_IN.Signal=GPIO_Output
PH1-OSC_OUT.GPIOParameters=GPIO_Label
PH1-OSC_OUT.GPIO_Label=ESP32_BOOT
PH1-OSC_OUT.Locked=true
PH1-OSC_OUT.Signal=GPIO_Output
PinOutPanel.RotationAngle=0
ProjectManager.AskForMigrate=true
ProjectManager.BackupPrevious=false
ProjectManager.CompilerOptimize=6
ProjectManager.ComputerToolchain=false
ProjectManager.CoupleFile=true
ProjectManager.CustomerFirmwarePackage=
ProjectManager.DefaultFWLocation=true
ProjectManager.DeletePrevious=true
ProjectManager.DeviceId=STM32L072RZTx
ProjectManager.FirmwarePackage=STM32Cube FW_L0 V1.12.2
ProjectManager.FreePins=true
ProjectManager.HalAssertFull=false
ProjectManager.HeapSize=0x100
ProjectManager.KeepUserCode=true
ProjectManager.LastFirmware=true
ProjectManager.LibraryCopy=2
ProjectManager.MainLocation=Core/Src
ProjectManager.NoMain=false
ProjectManager.PreviousToolchain=STM32CubeIDE
ProjectManager.ProjectBuild=false
ProjectManager.ProjectFileName=MJSGadget - dB meter.ioc
ProjectManager.ProjectName=MJSGadget - dB meter
ProjectManager.ProjectStructure=
ProjectManager.RegisterCallBack=UART
ProjectManager.StackSize=0x400
ProjectManager.TargetToolchain=STM32CubeIDE
ProjectManager.ToolChainLocation=
ProjectManager.UAScriptAfterPath=
ProjectManager.UAScriptBeforePath=
ProjectManager.UnderRoot=true
ProjectManager.functionlistsort=1-SystemClock_Config-RCC-false-HAL-false,2-MX_GPIO_Init-GPIO-false-HAL-true,3-MX_DMA_Init-DMA-false-HAL-true,4-MX_I2C1_Init-I2C1-false-HAL-true,5-MX_I2S2_Init-I2S2-false-HAL-true,6-MX_USART1_UART_Init-USART1-false-HAL-true,7-MX_I2C2_Init-I2C2-false-HAL-true,8-MX_TIM2_Init-TIM2-false-HAL-true,9-MX_TIM3_Init-TIM3-false-HAL-true,10-MX_USART4_UART_Init-USART4-false-HAL-true,11-MX_ADC_Init-ADC-false-HAL-true,12-MX_USB_DEVICE_Init-USB_DEVICE-false-HAL-false,13-MX_RTC_Init-RTC-false-HAL-true,14-MX_LPUART1_UART_Init-LPUART1-false-HAL-true,15-MX_TIM6_Init-TIM6-false-HAL-true
RCC.48CLKFreq_Value=24000000
RCC.48RNGFreq_Value=48000000
RCC.48USBFreq_Value=48000000
RCC.ADCFreq_Value=16000000
RCC.AHBFreq_Value=16000000
RCC.APB1Freq_Value=16000000
RCC.APB1TimFreq_Value=16000000
RCC.APB2Freq_Value=16000000
RCC.APB2TimFreq_Value=16000000
RCC.FCLKCortexFreq_Value=16000000
RCC.FamilyName=M
RCC.HCLKFreq_Value=16000000
RCC.HSE_VALUE=8000000
RCC.HSI16_VALUE=16000000
RCC.HSI48MClockSelection=RCC_USBCLKSOURCE_HSI48
RCC.HSI48_VALUE=48000000
RCC.HSI_VALUE=16000000
RCC.I2C1Freq_Value=16000000
RCC.I2C3Freq_Value=16000000
RCC.IPParameters=48CLKFreq_Value,48RNGFreq_Value,48USBFreq_Value,ADCFreq_Value,AHBFreq_Value,APB1Freq_Value,APB1TimFreq_Value,APB2Freq_Value,APB2TimFreq_Value,FCLKCortexFreq_Value,FamilyName,HCLKFreq_Value,HSE_VALUE,HSI16_VALUE,HSI48MClockSelection,HSI48_VALUE,HSI_VALUE,I2C1Freq_Value,I2C3Freq_Value,LPTIMFreq_Value,LPUARTFreq_Value,LSE_Drive_Capability,LSI_VALUE,MCOPinFreq_Value,MSI_VALUE,PLLCLKFreq_Value,RTCClockSelection,RTCClockSelectionVirtual,RTCFreq_Value,RTCHSEDivFreq_Value,SYSCLKFreq_VALUE,SYSCLKSource,TIMFreq_Value,TimerFreq_Value,USART1Freq_Value,USART2Freq_Value,VCOInputFreq_Value,VCOOutputFreq_Value,WatchDogFreq_Value
RCC.LPTIMFreq_Value=16000000
RCC.LPUARTFreq_Value=16000000
RCC.LSE_Drive_Capability=RCC_LSEDRIVE_MEDIUMHIGH
RCC.LSI_VALUE=37000
RCC.MCOPinFreq_Value=16000000
RCC.MSI_VALUE=2097000
RCC.PLLCLKFreq_Value=24000000
RCC.RTCClockSelection=RCC_RTCCLKSOURCE_LSE
RCC.RTCClockSelectionVirtual=RCC_RTCCLKSOURCE_LSE
RCC.RTCFreq_Value=32768
RCC.RTCHSEDivFreq_Value=4000000
RCC.SYSCLKFreq_VALUE=16000000
RCC.SYSCLKSource=RCC_SYSCLKSOURCE_HSI
RCC.TIMFreq_Value=16000000
RCC.TimerFreq_Value=16000000
RCC.USART1Freq_Value=16000000
RCC.USART2Freq_Value=16000000
RCC.VCOInputFreq_Value=16000000
RCC.VCOOutputFreq_Value=48000000
RCC.WatchDogFreq_Value=37000
RTC.Date=23
RTC.Format=RTC_FORMAT_BIN
RTC.Hours=13
RTC.IPParameters=Format,Hours,WeekDay,Month,Date,Year
RTC.Month=RTC_MONTH_NOVEMBER
RTC.WeekDay=RTC_WEEKDAY_SATURDAY
RTC.Year=24
SH.GPXTI15.0=GPIO_EXTI15
SH.GPXTI15.ConfNb=1
SH.S_TIM2_CH1.0=TIM2_CH1,PWM Generation1 CH1
SH.S_TIM2_CH1.ConfNb=1
SH.S_TIM2_CH3.0=TIM2_CH3,PWM Generation3 CH3
SH.S_TIM2_CH3.ConfNb=1
SH.S_TIM2_CH4.0=TIM2_CH4,PWM Generation4 CH4
SH.S_TIM2_CH4.ConfNb=1
SH.S_TIM3_CH1.0=TIM3_CH1,PWM Generation1 CH1
SH.S_TIM3_CH1.ConfNb=1
SH.S_TIM3_CH2.0=TIM3_CH2,PWM Generation2 CH2
SH.S_TIM3_CH2.ConfNb=1
SH.S_TIM3_CH3.0=TIM3_CH3,PWM Generation3 CH3
SH.S_TIM3_CH3.ConfNb=1
SH.SharedAnalog_PC4.0=GPIO_Analog
SH.SharedAnalog_PC4.1=ADC_IN14,IN14
SH.SharedAnalog_PC4.ConfNb=2
SH.SharedAnalog_PC5.0=GPIO_Analog
SH.SharedAnalog_PC5.1=ADC_IN15,IN15
SH.SharedAnalog_PC5.ConfNb=2
TIM2.Channel-PWM\ Generation1\ CH1=TIM_CHANNEL_1
TIM2.Channel-PWM\ Generation3\ CH3=TIM_CHANNEL_3
TIM2.Channel-PWM\ Generation4\ CH4=TIM_CHANNEL_4
TIM2.IPParameters=Channel-PWM Generation1 CH1,Channel-PWM Generation3 CH3,Channel-PWM Generation4 CH4
TIM3.Channel-PWM\ Generation1\ CH1=TIM_CHANNEL_1
TIM3.Channel-PWM\ Generation2\ CH2=TIM_CHANNEL_2
TIM3.Channel-PWM\ Generation3\ CH3=TIM_CHANNEL_3
TIM3.IPParameters=Channel-PWM Generation1 CH1,Channel-PWM Generation2 CH2,Channel-PWM Generation3 CH3
TIM6.IPParameters=Prescaler
TIM6.Prescaler=10
USART1.IPParameters=VirtualMode-Asynchronous,SwapParam
USART1.SwapParam=ADVFEATURE_SWAP_ENABLE
USART1.VirtualMode-Asynchronous=VM_ASYNC
USART4.IPParameters=VirtualMode-Asynchronous,SwapParam
USART4.SwapParam=ADVFEATURE_SWAP_DISABLE
USART4.VirtualMode-Asynchronous=VM_ASYNC
USB_DEVICE.CLASS_NAME_FS=CDC
USB_DEVICE.IPParameters=VirtualMode,VirtualModeFS,CLASS_NAME_FS
USB_DEVICE.VirtualMode=Cdc
USB_DEVICE.VirtualModeFS=Cdc_FS
VP_RTC_VS_RTC_Activate.Mode=RTC_Enabled
VP_RTC_VS_RTC_Activate.Signal=RTC_VS_RTC_Activate
VP_RTC_VS_RTC_Calendar.Mode=RTC_Calendar
VP_RTC_VS_RTC_Calendar.Signal=RTC_VS_RTC_Calendar
VP_RTC_VS_RTC_WakeUp_intern.Mode=WakeUp
VP_RTC_VS_RTC_WakeUp_intern.Signal=RTC_VS_RTC_WakeUp_intern
VP_SYS_VS_Systick.Mode=SysTick
VP_SYS_VS_Systick.Signal=SYS_VS_Systick
VP_TIM6_VS_ClockSourceINT.Mode=Enable_Timer
VP_TIM6_VS_ClockSourceINT.Signal=TIM6_VS_ClockSourceINT
VP_USB_DEVICE_VS_USB_DEVICE_CDC_FS.Mode=CDC_FS
VP_USB_DEVICE_VS_USB_DEVICE_CDC_FS.Signal=USB_DEVICE_VS_USB_DEVICE_CDC_FS
board=custom
isbadioc=false
